
Microsoft Visual Studio Solution File, Format Version 12.00
# Visual Studio Version 17
VisualStudioVersion = 17.7.34221.43
MinimumVisualStudioVersion = 10.0.40219.1
Project("{FAE04EC0-301F-11D3-BF4B-00C04F79EFBC}") = "IoTHubFunction", "IoTHubFunction\IoTHubFunction.csproj", "{5395DEAE-FB0D-4242-9BED-69F866941A21}"
EndProject
Global
	GlobalSection(SolutionConfigurationPlatforms) = preSolution
		Debug|Any CPU = Debug|Any CPU
		Release|Any CPU = Release|Any CPU
	EndGlobalSection
	GlobalSection(ProjectConfigurationPlatforms) = postSolution
		{5395DEAE-FB0D-4242-9BED-69F866941A21}.Debug|Any CPU.ActiveCfg = Debug|Any CPU
		{5395DEAE-FB0D-4242-9BED-69F866941A21}.Debug|Any CPU.Build.0 = Debug|Any CPU
		{5395DEAE-FB0D-4242-9BED-69F866941A21}.Release|Any CPU.ActiveCfg = Release|Any CPU
		{5395DEAE-FB0D-4242-9BED-69F866941A21}.Release|Any CPU.Build.0 = Release|Any CPU
	EndGlobalSection
	GlobalSection(SolutionProperties) = preSolution
		HideSolutionNode = FALSE
	EndGlobalSection
	GlobalSection(ExtensibilityGlobals) = postSolution
		SolutionGuid = {DEF7FFCE-48C8-4290-817A-D67DC46B7981}
	EndGlobalSection
EndGlobal
